
Microsoft Visual Studio Solution File, Format Version 12.00
# TcXaeShell Solution File, Format Version 11.00
VisualStudioVersion = 17.7.34302.85
MinimumVisualStudioVersion = 10.0.40219.1
Project("{B1E792BE-AA5F-4E3C-8C82-674BF9C0715B}") = "Struktur_Test", "Struktur_Test\Struktur_Test.tsproj", "{2A4981CE-92CE-48AD-A0FA-7C5FC3C8B024}"
EndProject
Global
	GlobalSection(SolutionConfigurationPlatforms) = preSolution
		Debug|TwinCAT OS (ARMV7-A) = Debug|TwinCAT OS (ARMV7-A)
		Debug|TwinCAT OS (ARMV7-M) = Debug|TwinCAT OS (ARMV7-M)
		Debug|TwinCAT OS (ARMV8-A) = Debug|TwinCAT OS (ARMV8-A)
		Debug|TwinCAT OS (x64) = Debug|TwinCAT OS (x64)
		Debug|TwinCAT RT (x64) = Debug|TwinCAT RT (x64)
		Debug|TwinCAT RT (x86) = Debug|TwinCAT RT (x86)
		Release|TwinCAT OS (ARMV7-A) = Release|TwinCAT OS (ARMV7-A)
		Release|TwinCAT OS (ARMV7-M) = Release|TwinCAT OS (ARMV7-M)
		Release|TwinCAT OS (ARMV8-A) = Release|TwinCAT OS (ARMV8-A)
		Release|TwinCAT OS (x64) = Release|TwinCAT OS (x64)
		Release|TwinCAT RT (x64) = Release|TwinCAT RT (x64)
		Release|TwinCAT RT (x86) = Release|TwinCAT RT (x86)
	EndGlobalSection
	GlobalSection(ProjectConfigurationPlatforms) = postSolution
		{2A4981CE-92CE-48AD-A0FA-7C5FC3C8B024}.Debug|TwinCAT OS (ARMV7-A).ActiveCfg = Debug|TwinCAT OS (ARMV7-A)
		{2A4981CE-92CE-48AD-A0FA-7C5FC3C8B024}.Debug|TwinCAT OS (ARMV7-A).Build.0 = Debug|TwinCAT OS (ARMV7-A)
		{2A4981CE-92CE-48AD-A0FA-7C5FC3C8B024}.Debug|TwinCAT OS (ARMV7-M).ActiveCfg = Debug|TwinCAT OS (ARMV7-M)
		{2A4981CE-92CE-48AD-A0FA-7C5FC3C8B024}.Debug|TwinCAT OS (ARMV7-M).Build.0 = Debug|TwinCAT OS (ARMV7-M)
		{2A4981CE-92CE-48AD-A0FA-7C5FC3C8B024}.Debug|TwinCAT OS (ARMV8-A).ActiveCfg = Debug|TwinCAT OS (ARMV8-A)
		{2A4981CE-92CE-48AD-A0FA-7C5FC3C8B024}.Debug|TwinCAT OS (ARMV8-A).Build.0 = Debug|TwinCAT OS (ARMV8-A)
		{2A4981CE-92CE-48AD-A0FA-7C5FC3C8B024}.Debug|TwinCAT OS (x64).ActiveCfg = Debug|TwinCAT OS (x64)
		{2A4981CE-92CE-48AD-A0FA-7C5FC3C8B024}.Debug|TwinCAT OS (x64).Build.0 = Debug|TwinCAT OS (x64)
		{2A4981CE-92CE-48AD-A0FA-7C5FC3C8B024}.Debug|TwinCAT RT (x64).ActiveCfg = Debug|TwinCAT RT (x64)
		{2A4981CE-92CE-48AD-A0FA-7C5FC3C8B024}.Debug|TwinCAT RT (x64).Build.0 = Debug|TwinCAT RT (x64)
		{2A4981CE-92CE-48AD-A0FA-7C5FC3C8B024}.Debug|TwinCAT RT (x86).ActiveCfg = Debug|TwinCAT RT (x86)
		{2A4981CE-92CE-48AD-A0FA-7C5FC3C8B024}.Debug|TwinCAT RT (x86).Build.0 = Debug|TwinCAT RT (x86)
		{2A4981CE-92CE-48AD-A0FA-7C5FC3C8B024}.Release|TwinCAT OS (ARMV7-A).ActiveCfg = Release|TwinCAT OS (ARMV7-A)
		{2A4981CE-92CE-48AD-A0FA-7C5FC3C8B024}.Release|TwinCAT OS (ARMV7-A).Build.0 = Release|TwinCAT OS (ARMV7-A)
		{2A4981CE-92CE-48AD-A0FA-7C5FC3C8B024}.Release|TwinCAT OS (ARMV7-M).ActiveCfg = Release|TwinCAT OS (ARMV7-M)
		{2A4981CE-92CE-48AD-A0FA-7C5FC3C8B024}.Release|TwinCAT OS (ARMV7-M).Build.0 = Release|TwinCAT OS (ARMV7-M)
		{2A4981CE-92CE-48AD-A0FA-7C5FC3C8B024}.Release|TwinCAT OS (ARMV8-A).ActiveCfg = Release|TwinCAT OS (ARMV8-A)
		{2A4981CE-92CE-48AD-A0FA-7C5FC3C8B024}.Release|TwinCAT OS (ARMV8-A).Build.0 = Release|TwinCAT OS (ARMV8-A)
		{2A4981CE-92CE-48AD-A0FA-7C5FC3C8B024}.Release|TwinCAT OS (x64).ActiveCfg = Release|TwinCAT OS (x64)
		{2A4981CE-92CE-48AD-A0FA-7C5FC3C8B024}.Release|TwinCAT OS (x64).Build.0 = Release|TwinCAT OS (x64)
		{2A4981CE-92CE-48AD-A0FA-7C5FC3C8B024}.Release|TwinCAT RT (x64).ActiveCfg = Release|TwinCAT RT (x64)
		{2A4981CE-92CE-48AD-A0FA-7C5FC3C8B024}.Release|TwinCAT RT (x64).Build.0 = Release|TwinCAT RT (x64)
		{2A4981CE-92CE-48AD-A0FA-7C5FC3C8B024}.Release|TwinCAT RT (x86).ActiveCfg = Release|TwinCAT RT (x86)
		{2A4981CE-92CE-48AD-A0FA-7C5FC3C8B024}.Release|TwinCAT RT (x86).Build.0 = Release|TwinCAT RT (x86)
		{32C9B618-11EE-4AA5-86C9-5E32022DB589}.Debug|TwinCAT OS (ARMV7-A).ActiveCfg = Debug|TwinCAT OS (ARMV7-A)
		{32C9B618-11EE-4AA5-86C9-5E32022DB589}.Debug|TwinCAT OS (ARMV7-A).Build.0 = Debug|TwinCAT OS (ARMV7-A)
		{32C9B618-11EE-4AA5-86C9-5E32022DB589}.Debug|TwinCAT OS (ARMV7-M).ActiveCfg = Debug|TwinCAT OS (ARMV7-M)
		{32C9B618-11EE-4AA5-86C9-5E32022DB589}.Debug|TwinCAT OS (ARMV7-M).Build.0 = Debug|TwinCAT OS (ARMV7-M)
		{32C9B618-11EE-4AA5-86C9-5E32022DB589}.Debug|TwinCAT OS (ARMV8-A).ActiveCfg = Debug|TwinCAT OS (ARMV8-A)
		{32C9B618-11EE-4AA5-86C9-5E32022DB589}.Debug|TwinCAT OS (ARMV8-A).Build.0 = Debug|TwinCAT OS (ARMV8-A)
		{32C9B618-11EE-4AA5-86C9-5E32022DB589}.Debug|TwinCAT OS (x64).ActiveCfg = Debug|TwinCAT OS (x64)
		{32C9B618-11EE-4AA5-86C9-5E32022DB589}.Debug|TwinCAT OS (x64).Build.0 = Debug|TwinCAT OS (x64)
		{32C9B618-11EE-4AA5-86C9-5E32022DB589}.Debug|TwinCAT RT (x64).ActiveCfg = Debug|TwinCAT RT (x64)
		{32C9B618-11EE-4AA5-86C9-5E32022DB589}.Debug|TwinCAT RT (x64).Build.0 = Debug|TwinCAT RT (x64)
		{32C9B618-11EE-4AA5-86C9-5E32022DB589}.Debug|TwinCAT RT (x86).ActiveCfg = Debug|TwinCAT RT (x86)
		{32C9B618-11EE-4AA5-86C9-5E32022DB589}.Debug|TwinCAT RT (x86).Build.0 = Debug|TwinCAT RT (x86)
		{32C9B618-11EE-4AA5-86C9-5E32022DB589}.Release|TwinCAT OS (ARMV7-A).ActiveCfg = Release|TwinCAT OS (ARMV7-A)
		{32C9B618-11EE-4AA5-86C9-5E32022DB589}.Release|TwinCAT OS (ARMV7-A).Build.0 = Release|TwinCAT OS (ARMV7-A)
		{32C9B618-11EE-4AA5-86C9-5E32022DB589}.Release|TwinCAT OS (ARMV7-M).ActiveCfg = Release|TwinCAT OS (ARMV7-M)
		{32C9B618-11EE-4AA5-86C9-5E32022DB589}.Release|TwinCAT OS (ARMV7-M).Build.0 = Release|TwinCAT OS (ARMV7-M)
		{32C9B618-11EE-4AA5-86C9-5E32022DB589}.Release|TwinCAT OS (ARMV8-A).ActiveCfg = Release|TwinCAT OS (ARMV8-A)
		{32C9B618-11EE-4AA5-86C9-5E32022DB589}.Release|TwinCAT OS (ARMV8-A).Build.0 = Release|TwinCAT OS (ARMV8-A)
		{32C9B618-11EE-4AA5-86C9-5E32022DB589}.Release|TwinCAT OS (x64).ActiveCfg = Release|TwinCAT OS (x64)
		{32C9B618-11EE-4AA5-86C9-5E32022DB589}.Release|TwinCAT OS (x64).Build.0 = Release|TwinCAT OS (x64)
		{32C9B618-11EE-4AA5-86C9-5E32022DB589}.Release|TwinCAT RT (x64).ActiveCfg = Release|TwinCAT RT (x64)
		{32C9B618-11EE-4AA5-86C9-5E32022DB589}.Release|TwinCAT RT (x64).Build.0 = Release|TwinCAT RT (x64)
		{32C9B618-11EE-4AA5-86C9-5E32022DB589}.Release|TwinCAT RT (x86).ActiveCfg = Release|TwinCAT RT (x86)
		{32C9B618-11EE-4AA5-86C9-5E32022DB589}.Release|TwinCAT RT (x86).Build.0 = Release|TwinCAT RT (x86)
	EndGlobalSection
	GlobalSection(SolutionProperties) = preSolution
		HideSolutionNode = FALSE
	EndGlobalSection
	GlobalSection(ExtensibilityGlobals) = postSolution
		SolutionGuid = {D63476C5-58D3-4701-98CA-CC17D307B48B}
	EndGlobalSection
EndGlobal
