
Microsoft Visual Studio Solution File, Format Version 12.00
# TcXaeShell Solution File, Format Version 11.00
VisualStudioVersion = 17.7.34302.85
MinimumVisualStudioVersion = 10.0.40219.1
Project("{B1E792BE-AA5F-4E3C-8C82-674BF9C0715B}") = "Roboter_Test", "Roboter_Test\Roboter_Test.tsproj", "{2B0D1B6D-C4B7-4417-AF27-EB6DECE48AB8}"
EndProject
Global
	GlobalSection(SolutionConfigurationPlatforms) = preSolution
		Debug|TwinCAT OS (ARMV7-A) = Debug|TwinCAT OS (ARMV7-A)
		Debug|TwinCAT OS (ARMV7-M) = Debug|TwinCAT OS (ARMV7-M)
		Debug|TwinCAT OS (ARMV8-A) = Debug|TwinCAT OS (ARMV8-A)
		Debug|TwinCAT OS (x64) = Debug|TwinCAT OS (x64)
		Debug|TwinCAT RT (x64) = Debug|TwinCAT RT (x64)
		Debug|TwinCAT RT (x86) = Debug|TwinCAT RT (x86)
		Release|TwinCAT OS (ARMV7-A) = Release|TwinCAT OS (ARMV7-A)
		Release|TwinCAT OS (ARMV7-M) = Release|TwinCAT OS (ARMV7-M)
		Release|TwinCAT OS (ARMV8-A) = Release|TwinCAT OS (ARMV8-A)
		Release|TwinCAT OS (x64) = Release|TwinCAT OS (x64)
		Release|TwinCAT RT (x64) = Release|TwinCAT RT (x64)
		Release|TwinCAT RT (x86) = Release|TwinCAT RT (x86)
	EndGlobalSection
	GlobalSection(ProjectConfigurationPlatforms) = postSolution
		{2B0D1B6D-C4B7-4417-AF27-EB6DECE48AB8}.Debug|TwinCAT OS (ARMV7-A).ActiveCfg = Debug|TwinCAT OS (ARMV7-A)
		{2B0D1B6D-C4B7-4417-AF27-EB6DECE48AB8}.Debug|TwinCAT OS (ARMV7-A).Build.0 = Debug|TwinCAT OS (ARMV7-A)
		{2B0D1B6D-C4B7-4417-AF27-EB6DECE48AB8}.Debug|TwinCAT OS (ARMV7-M).ActiveCfg = Debug|TwinCAT OS (ARMV7-M)
		{2B0D1B6D-C4B7-4417-AF27-EB6DECE48AB8}.Debug|TwinCAT OS (ARMV7-M).Build.0 = Debug|TwinCAT OS (ARMV7-M)
		{2B0D1B6D-C4B7-4417-AF27-EB6DECE48AB8}.Debug|TwinCAT OS (ARMV8-A).ActiveCfg = Debug|TwinCAT OS (ARMV8-A)
		{2B0D1B6D-C4B7-4417-AF27-EB6DECE48AB8}.Debug|TwinCAT OS (ARMV8-A).Build.0 = Debug|TwinCAT OS (ARMV8-A)
		{2B0D1B6D-C4B7-4417-AF27-EB6DECE48AB8}.Debug|TwinCAT OS (x64).ActiveCfg = Debug|TwinCAT OS (x64)
		{2B0D1B6D-C4B7-4417-AF27-EB6DECE48AB8}.Debug|TwinCAT OS (x64).Build.0 = Debug|TwinCAT OS (x64)
		{2B0D1B6D-C4B7-4417-AF27-EB6DECE48AB8}.Debug|TwinCAT RT (x64).ActiveCfg = Debug|TwinCAT RT (x64)
		{2B0D1B6D-C4B7-4417-AF27-EB6DECE48AB8}.Debug|TwinCAT RT (x64).Build.0 = Debug|TwinCAT RT (x64)
		{2B0D1B6D-C4B7-4417-AF27-EB6DECE48AB8}.Debug|TwinCAT RT (x86).ActiveCfg = Debug|TwinCAT RT (x86)
		{2B0D1B6D-C4B7-4417-AF27-EB6DECE48AB8}.Debug|TwinCAT RT (x86).Build.0 = Debug|TwinCAT RT (x86)
		{2B0D1B6D-C4B7-4417-AF27-EB6DECE48AB8}.Release|TwinCAT OS (ARMV7-A).ActiveCfg = Release|TwinCAT OS (ARMV7-A)
		{2B0D1B6D-C4B7-4417-AF27-EB6DECE48AB8}.Release|TwinCAT OS (ARMV7-A).Build.0 = Release|TwinCAT OS (ARMV7-A)
		{2B0D1B6D-C4B7-4417-AF27-EB6DECE48AB8}.Release|TwinCAT OS (ARMV7-M).ActiveCfg = Release|TwinCAT OS (ARMV7-M)
		{2B0D1B6D-C4B7-4417-AF27-EB6DECE48AB8}.Release|TwinCAT OS (ARMV7-M).Build.0 = Release|TwinCAT OS (ARMV7-M)
		{2B0D1B6D-C4B7-4417-AF27-EB6DECE48AB8}.Release|TwinCAT OS (ARMV8-A).ActiveCfg = Release|TwinCAT OS (ARMV8-A)
		{2B0D1B6D-C4B7-4417-AF27-EB6DECE48AB8}.Release|TwinCAT OS (ARMV8-A).Build.0 = Release|TwinCAT OS (ARMV8-A)
		{2B0D1B6D-C4B7-4417-AF27-EB6DECE48AB8}.Release|TwinCAT OS (x64).ActiveCfg = Release|TwinCAT OS (x64)
		{2B0D1B6D-C4B7-4417-AF27-EB6DECE48AB8}.Release|TwinCAT OS (x64).Build.0 = Release|TwinCAT OS (x64)
		{2B0D1B6D-C4B7-4417-AF27-EB6DECE48AB8}.Release|TwinCAT RT (x64).ActiveCfg = Release|TwinCAT RT (x64)
		{2B0D1B6D-C4B7-4417-AF27-EB6DECE48AB8}.Release|TwinCAT RT (x64).Build.0 = Release|TwinCAT RT (x64)
		{2B0D1B6D-C4B7-4417-AF27-EB6DECE48AB8}.Release|TwinCAT RT (x86).ActiveCfg = Release|TwinCAT RT (x86)
		{2B0D1B6D-C4B7-4417-AF27-EB6DECE48AB8}.Release|TwinCAT RT (x86).Build.0 = Release|TwinCAT RT (x86)
		{785AD561-48C7-4E72-A861-BA1BF106BBBF}.Debug|TwinCAT OS (ARMV7-A).ActiveCfg = Debug|TwinCAT OS (ARMV7-A)
		{785AD561-48C7-4E72-A861-BA1BF106BBBF}.Debug|TwinCAT OS (ARMV7-A).Build.0 = Debug|TwinCAT OS (ARMV7-A)
		{785AD561-48C7-4E72-A861-BA1BF106BBBF}.Debug|TwinCAT OS (ARMV7-M).ActiveCfg = Debug|TwinCAT OS (ARMV7-M)
		{785AD561-48C7-4E72-A861-BA1BF106BBBF}.Debug|TwinCAT OS (ARMV7-M).Build.0 = Debug|TwinCAT OS (ARMV7-M)
		{785AD561-48C7-4E72-A861-BA1BF106BBBF}.Debug|TwinCAT OS (ARMV8-A).ActiveCfg = Debug|TwinCAT OS (ARMV8-A)
		{785AD561-48C7-4E72-A861-BA1BF106BBBF}.Debug|TwinCAT OS (ARMV8-A).Build.0 = Debug|TwinCAT OS (ARMV8-A)
		{785AD561-48C7-4E72-A861-BA1BF106BBBF}.Debug|TwinCAT OS (x64).ActiveCfg = Debug|TwinCAT OS (x64)
		{785AD561-48C7-4E72-A861-BA1BF106BBBF}.Debug|TwinCAT OS (x64).Build.0 = Debug|TwinCAT OS (x64)
		{785AD561-48C7-4E72-A861-BA1BF106BBBF}.Debug|TwinCAT RT (x64).ActiveCfg = Debug|TwinCAT RT (x64)
		{785AD561-48C7-4E72-A861-BA1BF106BBBF}.Debug|TwinCAT RT (x64).Build.0 = Debug|TwinCAT RT (x64)
		{785AD561-48C7-4E72-A861-BA1BF106BBBF}.Debug|TwinCAT RT (x86).ActiveCfg = Debug|TwinCAT RT (x86)
		{785AD561-48C7-4E72-A861-BA1BF106BBBF}.Debug|TwinCAT RT (x86).Build.0 = Debug|TwinCAT RT (x86)
		{785AD561-48C7-4E72-A861-BA1BF106BBBF}.Release|TwinCAT OS (ARMV7-A).ActiveCfg = Release|TwinCAT OS (ARMV7-A)
		{785AD561-48C7-4E72-A861-BA1BF106BBBF}.Release|TwinCAT OS (ARMV7-A).Build.0 = Release|TwinCAT OS (ARMV7-A)
		{785AD561-48C7-4E72-A861-BA1BF106BBBF}.Release|TwinCAT OS (ARMV7-M).ActiveCfg = Release|TwinCAT OS (ARMV7-M)
		{785AD561-48C7-4E72-A861-BA1BF106BBBF}.Release|TwinCAT OS (ARMV7-M).Build.0 = Release|TwinCAT OS (ARMV7-M)
		{785AD561-48C7-4E72-A861-BA1BF106BBBF}.Release|TwinCAT OS (ARMV8-A).ActiveCfg = Release|TwinCAT OS (ARMV8-A)
		{785AD561-48C7-4E72-A861-BA1BF106BBBF}.Release|TwinCAT OS (ARMV8-A).Build.0 = Release|TwinCAT OS (ARMV8-A)
		{785AD561-48C7-4E72-A861-BA1BF106BBBF}.Release|TwinCAT OS (x64).ActiveCfg = Release|TwinCAT OS (x64)
		{785AD561-48C7-4E72-A861-BA1BF106BBBF}.Release|TwinCAT OS (x64).Build.0 = Release|TwinCAT OS (x64)
		{785AD561-48C7-4E72-A861-BA1BF106BBBF}.Release|TwinCAT RT (x64).ActiveCfg = Release|TwinCAT RT (x64)
		{785AD561-48C7-4E72-A861-BA1BF106BBBF}.Release|TwinCAT RT (x64).Build.0 = Release|TwinCAT RT (x64)
		{785AD561-48C7-4E72-A861-BA1BF106BBBF}.Release|TwinCAT RT (x86).ActiveCfg = Release|TwinCAT RT (x86)
		{785AD561-48C7-4E72-A861-BA1BF106BBBF}.Release|TwinCAT RT (x86).Build.0 = Release|TwinCAT RT (x86)
	EndGlobalSection
	GlobalSection(SolutionProperties) = preSolution
		HideSolutionNode = FALSE
	EndGlobalSection
	GlobalSection(ExtensibilityGlobals) = postSolution
		SolutionGuid = {47763D5C-1793-4A0D-A36C-B7F901F1CC68}
	EndGlobalSection
EndGlobal
