
Microsoft Visual Studio Solution File, Format Version 12.00
# TcXaeShell Solution File, Format Version 11.00
VisualStudioVersion = 17.7.34302.85
MinimumVisualStudioVersion = 10.0.40219.1
Project("{B1E792BE-AA5F-4E3C-8C82-674BF9C0715B}") = "Vision_Test", "Vision_Test\Vision_Test.tsproj", "{622963AE-CAB9-4D4E-9BC4-D503655A936C}"
EndProject
Global
	GlobalSection(SolutionConfigurationPlatforms) = preSolution
		Debug|TwinCAT OS (ARMV7-A) = Debug|TwinCAT OS (ARMV7-A)
		Debug|TwinCAT OS (ARMV7-M) = Debug|TwinCAT OS (ARMV7-M)
		Debug|TwinCAT OS (ARMV8-A) = Debug|TwinCAT OS (ARMV8-A)
		Debug|TwinCAT OS (x64) = Debug|TwinCAT OS (x64)
		Debug|TwinCAT RT (x64) = Debug|TwinCAT RT (x64)
		Debug|TwinCAT RT (x86) = Debug|TwinCAT RT (x86)
		Release|TwinCAT OS (ARMV7-A) = Release|TwinCAT OS (ARMV7-A)
		Release|TwinCAT OS (ARMV7-M) = Release|TwinCAT OS (ARMV7-M)
		Release|TwinCAT OS (ARMV8-A) = Release|TwinCAT OS (ARMV8-A)
		Release|TwinCAT OS (x64) = Release|TwinCAT OS (x64)
		Release|TwinCAT RT (x64) = Release|TwinCAT RT (x64)
		Release|TwinCAT RT (x86) = Release|TwinCAT RT (x86)
	EndGlobalSection
	GlobalSection(ProjectConfigurationPlatforms) = postSolution
		{622963AE-CAB9-4D4E-9BC4-D503655A936C}.Debug|TwinCAT OS (ARMV7-A).ActiveCfg = Debug|TwinCAT OS (ARMV7-A)
		{622963AE-CAB9-4D4E-9BC4-D503655A936C}.Debug|TwinCAT OS (ARMV7-A).Build.0 = Debug|TwinCAT OS (ARMV7-A)
		{622963AE-CAB9-4D4E-9BC4-D503655A936C}.Debug|TwinCAT OS (ARMV7-M).ActiveCfg = Debug|TwinCAT OS (ARMV7-M)
		{622963AE-CAB9-4D4E-9BC4-D503655A936C}.Debug|TwinCAT OS (ARMV7-M).Build.0 = Debug|TwinCAT OS (ARMV7-M)
		{622963AE-CAB9-4D4E-9BC4-D503655A936C}.Debug|TwinCAT OS (ARMV8-A).ActiveCfg = Debug|TwinCAT OS (ARMV8-A)
		{622963AE-CAB9-4D4E-9BC4-D503655A936C}.Debug|TwinCAT OS (ARMV8-A).Build.0 = Debug|TwinCAT OS (ARMV8-A)
		{622963AE-CAB9-4D4E-9BC4-D503655A936C}.Debug|TwinCAT OS (x64).ActiveCfg = Debug|TwinCAT OS (x64)
		{622963AE-CAB9-4D4E-9BC4-D503655A936C}.Debug|TwinCAT OS (x64).Build.0 = Debug|TwinCAT OS (x64)
		{622963AE-CAB9-4D4E-9BC4-D503655A936C}.Debug|TwinCAT RT (x64).ActiveCfg = Debug|TwinCAT RT (x64)
		{622963AE-CAB9-4D4E-9BC4-D503655A936C}.Debug|TwinCAT RT (x64).Build.0 = Debug|TwinCAT RT (x64)
		{622963AE-CAB9-4D4E-9BC4-D503655A936C}.Debug|TwinCAT RT (x86).ActiveCfg = Debug|TwinCAT RT (x86)
		{622963AE-CAB9-4D4E-9BC4-D503655A936C}.Debug|TwinCAT RT (x86).Build.0 = Debug|TwinCAT RT (x86)
		{622963AE-CAB9-4D4E-9BC4-D503655A936C}.Release|TwinCAT OS (ARMV7-A).ActiveCfg = Release|TwinCAT OS (ARMV7-A)
		{622963AE-CAB9-4D4E-9BC4-D503655A936C}.Release|TwinCAT OS (ARMV7-A).Build.0 = Release|TwinCAT OS (ARMV7-A)
		{622963AE-CAB9-4D4E-9BC4-D503655A936C}.Release|TwinCAT OS (ARMV7-M).ActiveCfg = Release|TwinCAT OS (ARMV7-M)
		{622963AE-CAB9-4D4E-9BC4-D503655A936C}.Release|TwinCAT OS (ARMV7-M).Build.0 = Release|TwinCAT OS (ARMV7-M)
		{622963AE-CAB9-4D4E-9BC4-D503655A936C}.Release|TwinCAT OS (ARMV8-A).ActiveCfg = Release|TwinCAT OS (ARMV8-A)
		{622963AE-CAB9-4D4E-9BC4-D503655A936C}.Release|TwinCAT OS (ARMV8-A).Build.0 = Release|TwinCAT OS (ARMV8-A)
		{622963AE-CAB9-4D4E-9BC4-D503655A936C}.Release|TwinCAT OS (x64).ActiveCfg = Release|TwinCAT OS (x64)
		{622963AE-CAB9-4D4E-9BC4-D503655A936C}.Release|TwinCAT OS (x64).Build.0 = Release|TwinCAT OS (x64)
		{622963AE-CAB9-4D4E-9BC4-D503655A936C}.Release|TwinCAT RT (x64).ActiveCfg = Release|TwinCAT RT (x64)
		{622963AE-CAB9-4D4E-9BC4-D503655A936C}.Release|TwinCAT RT (x64).Build.0 = Release|TwinCAT RT (x64)
		{622963AE-CAB9-4D4E-9BC4-D503655A936C}.Release|TwinCAT RT (x86).ActiveCfg = Release|TwinCAT RT (x86)
		{622963AE-CAB9-4D4E-9BC4-D503655A936C}.Release|TwinCAT RT (x86).Build.0 = Release|TwinCAT RT (x86)
		{9A6E88D2-4AF6-4B16-A4BD-247E52E4F82B}.Debug|TwinCAT OS (ARMV7-A).ActiveCfg = Debug|TwinCAT OS (ARMV7-A)
		{9A6E88D2-4AF6-4B16-A4BD-247E52E4F82B}.Debug|TwinCAT OS (ARMV7-A).Build.0 = Debug|TwinCAT OS (ARMV7-A)
		{9A6E88D2-4AF6-4B16-A4BD-247E52E4F82B}.Debug|TwinCAT OS (ARMV7-M).ActiveCfg = Debug|TwinCAT OS (ARMV7-M)
		{9A6E88D2-4AF6-4B16-A4BD-247E52E4F82B}.Debug|TwinCAT OS (ARMV7-M).Build.0 = Debug|TwinCAT OS (ARMV7-M)
		{9A6E88D2-4AF6-4B16-A4BD-247E52E4F82B}.Debug|TwinCAT OS (ARMV8-A).ActiveCfg = Debug|TwinCAT OS (ARMV8-A)
		{9A6E88D2-4AF6-4B16-A4BD-247E52E4F82B}.Debug|TwinCAT OS (ARMV8-A).Build.0 = Debug|TwinCAT OS (ARMV8-A)
		{9A6E88D2-4AF6-4B16-A4BD-247E52E4F82B}.Debug|TwinCAT OS (x64).ActiveCfg = Debug|TwinCAT OS (x64)
		{9A6E88D2-4AF6-4B16-A4BD-247E52E4F82B}.Debug|TwinCAT OS (x64).Build.0 = Debug|TwinCAT OS (x64)
		{9A6E88D2-4AF6-4B16-A4BD-247E52E4F82B}.Debug|TwinCAT RT (x64).ActiveCfg = Debug|TwinCAT RT (x64)
		{9A6E88D2-4AF6-4B16-A4BD-247E52E4F82B}.Debug|TwinCAT RT (x64).Build.0 = Debug|TwinCAT RT (x64)
		{9A6E88D2-4AF6-4B16-A4BD-247E52E4F82B}.Debug|TwinCAT RT (x86).ActiveCfg = Debug|TwinCAT RT (x86)
		{9A6E88D2-4AF6-4B16-A4BD-247E52E4F82B}.Debug|TwinCAT RT (x86).Build.0 = Debug|TwinCAT RT (x86)
		{9A6E88D2-4AF6-4B16-A4BD-247E52E4F82B}.Release|TwinCAT OS (ARMV7-A).ActiveCfg = Release|TwinCAT OS (ARMV7-A)
		{9A6E88D2-4AF6-4B16-A4BD-247E52E4F82B}.Release|TwinCAT OS (ARMV7-A).Build.0 = Release|TwinCAT OS (ARMV7-A)
		{9A6E88D2-4AF6-4B16-A4BD-247E52E4F82B}.Release|TwinCAT OS (ARMV7-M).ActiveCfg = Release|TwinCAT OS (ARMV7-M)
		{9A6E88D2-4AF6-4B16-A4BD-247E52E4F82B}.Release|TwinCAT OS (ARMV7-M).Build.0 = Release|TwinCAT OS (ARMV7-M)
		{9A6E88D2-4AF6-4B16-A4BD-247E52E4F82B}.Release|TwinCAT OS (ARMV8-A).ActiveCfg = Release|TwinCAT OS (ARMV8-A)
		{9A6E88D2-4AF6-4B16-A4BD-247E52E4F82B}.Release|TwinCAT OS (ARMV8-A).Build.0 = Release|TwinCAT OS (ARMV8-A)
		{9A6E88D2-4AF6-4B16-A4BD-247E52E4F82B}.Release|TwinCAT OS (x64).ActiveCfg = Release|TwinCAT OS (x64)
		{9A6E88D2-4AF6-4B16-A4BD-247E52E4F82B}.Release|TwinCAT OS (x64).Build.0 = Release|TwinCAT OS (x64)
		{9A6E88D2-4AF6-4B16-A4BD-247E52E4F82B}.Release|TwinCAT RT (x64).ActiveCfg = Release|TwinCAT RT (x64)
		{9A6E88D2-4AF6-4B16-A4BD-247E52E4F82B}.Release|TwinCAT RT (x64).Build.0 = Release|TwinCAT RT (x64)
		{9A6E88D2-4AF6-4B16-A4BD-247E52E4F82B}.Release|TwinCAT RT (x86).ActiveCfg = Release|TwinCAT RT (x86)
		{9A6E88D2-4AF6-4B16-A4BD-247E52E4F82B}.Release|TwinCAT RT (x86).Build.0 = Release|TwinCAT RT (x86)
	EndGlobalSection
	GlobalSection(SolutionProperties) = preSolution
		HideSolutionNode = FALSE
	EndGlobalSection
	GlobalSection(ExtensibilityGlobals) = postSolution
		SolutionGuid = {B54BE74F-2A0C-40F4-BBAC-035135FCFA8A}
	EndGlobalSection
EndGlobal
